
Microsoft Visual Studio Solution File, Format Version 12.00
# Visual Studio Version 16
VisualStudioVersion = 16.0.30503.244
MinimumVisualStudioVersion = 10.0.40219.1
Project("{FAE04EC0-301F-11D3-BF4B-00C04F79EFBC}") = "DataValidation2", "DataValidation2\DataValidation2.csproj", "{30F5DD91-35EF-4E51-BEC5-A61E2A6B6010}"
EndProject
Global
	GlobalSection(SolutionConfigurationPlatforms) = preSolution
		Debug|Any CPU = Debug|Any CPU
		Release|Any CPU = Release|Any CPU
	EndGlobalSection
	GlobalSection(ProjectConfigurationPlatforms) = postSolution
		{30F5DD91-35EF-4E51-BEC5-A61E2A6B6010}.Debug|Any CPU.ActiveCfg = Debug|Any CPU
		{30F5DD91-35EF-4E51-BEC5-A61E2A6B6010}.Debug|Any CPU.Build.0 = Debug|Any CPU
		{30F5DD91-35EF-4E51-BEC5-A61E2A6B6010}.Release|Any CPU.ActiveCfg = Release|Any CPU
		{30F5DD91-35EF-4E51-BEC5-A61E2A6B6010}.Release|Any CPU.Build.0 = Release|Any CPU
	EndGlobalSection
	GlobalSection(SolutionProperties) = preSolution
		HideSolutionNode = FALSE
	EndGlobalSection
	GlobalSection(ExtensibilityGlobals) = postSolution
		SolutionGuid = {B732CA02-B38C-405C-B30F-090755887C56}
	EndGlobalSection
EndGlobal
